
Microsoft Visual Studio Solution File, Format Version 12.00
# Visual Studio Version 17
VisualStudioVersion = 17.4.33122.133
MinimumVisualStudioVersion = 10.0.40219.1
Project("{9A19103F-16F7-4668-BE54-9A1E7A4F7556}") = "prospecplus-interface", "prospecplus-interface.csproj", "{4CBEB984-666B-465B-8689-FEF2668CC324}"
EndProject
Global
	GlobalSection(SolutionConfigurationPlatforms) = preSolution
		Debug|Any CPU = Debug|Any CPU
		Release|Any CPU = Release|Any CPU
	EndGlobalSection
	GlobalSection(ProjectConfigurationPlatforms) = postSolution
		{4CBEB984-666B-465B-8689-FEF2668CC324}.Debug|Any CPU.ActiveCfg = Debug|Any CPU
		{4CBEB984-666B-465B-8689-FEF2668CC324}.Debug|Any CPU.Build.0 = Debug|Any CPU
		{4CBEB984-666B-465B-8689-FEF2668CC324}.Release|Any CPU.ActiveCfg = Release|Any CPU
		{4CBEB984-666B-465B-8689-FEF2668CC324}.Release|Any CPU.Build.0 = Release|Any CPU
	EndGlobalSection
	GlobalSection(SolutionProperties) = preSolution
		HideSolutionNode = FALSE
	EndGlobalSection
	GlobalSection(ExtensibilityGlobals) = postSolution
		SolutionGuid = {30B9C4EC-A606-4D71-BBFD-92BF6CBF05B3}
	EndGlobalSection
EndGlobal
